
Microsoft Visual Studio Solution File, Format Version 12.00
# Visual Studio Version 16
VisualStudioVersion = 16.0.29709.97
MinimumVisualStudioVersion = 10.0.40219.1
Project("{FAE04EC0-301F-11D3-BF4B-00C04F79EFBC}") = "Solucion_CAR", "Solucion_CAR\Solucion_CAR.csproj", "{7496F775-A86A-44E6-BFCB-0DCEEA16B943}"
EndProject
Global
	GlobalSection(SolutionConfigurationPlatforms) = preSolution
		Debug|Any CPU = Debug|Any CPU
		Release|Any CPU = Release|Any CPU
	EndGlobalSection
	GlobalSection(ProjectConfigurationPlatforms) = postSolution
		{7496F775-A86A-44E6-BFCB-0DCEEA16B943}.Debug|Any CPU.ActiveCfg = Debug|Any CPU
		{7496F775-A86A-44E6-BFCB-0DCEEA16B943}.Debug|Any CPU.Build.0 = Debug|Any CPU
		{7496F775-A86A-44E6-BFCB-0DCEEA16B943}.Release|Any CPU.ActiveCfg = Release|Any CPU
		{7496F775-A86A-44E6-BFCB-0DCEEA16B943}.Release|Any CPU.Build.0 = Release|Any CPU
	EndGlobalSection
	GlobalSection(SolutionProperties) = preSolution
		HideSolutionNode = FALSE
	EndGlobalSection
	GlobalSection(ExtensibilityGlobals) = postSolution
		SolutionGuid = {A28B10D0-2B29-4E15-912A-BACA1DBFC9E7}
	EndGlobalSection
EndGlobal
